
Microsoft Visual Studio Solution File, Format Version 12.00
# Visual Studio Version 16
VisualStudioVersion = 16.0.30128.74
MinimumVisualStudioVersion = 10.0.40219.1
Project("{FAE04EC0-301F-11D3-BF4B-00C04F79EFBC}") = "CS321_W3D1_BookAPI", "CS321_W3D1_BookAPI\CS321_W3D1_BookAPI.csproj", "{D28C284E-1E43-48EE-A75C-0D03B73251FA}"
EndProject
Global
	GlobalSection(SolutionConfigurationPlatforms) = preSolution
		Debug|Any CPU = Debug|Any CPU
		Release|Any CPU = Release|Any CPU
	EndGlobalSection
	GlobalSection(ProjectConfigurationPlatforms) = postSolution
		{D28C284E-1E43-48EE-A75C-0D03B73251FA}.Debug|Any CPU.ActiveCfg = Debug|Any CPU
		{D28C284E-1E43-48EE-A75C-0D03B73251FA}.Debug|Any CPU.Build.0 = Debug|Any CPU
		{D28C284E-1E43-48EE-A75C-0D03B73251FA}.Release|Any CPU.ActiveCfg = Release|Any CPU
		{D28C284E-1E43-48EE-A75C-0D03B73251FA}.Release|Any CPU.Build.0 = Release|Any CPU
	EndGlobalSection
	GlobalSection(SolutionProperties) = preSolution
		HideSolutionNode = FALSE
	EndGlobalSection
	GlobalSection(ExtensibilityGlobals) = postSolution
		SolutionGuid = {D90D3D56-7131-41A2-8B22-B69C98BDDE66}
	EndGlobalSection
EndGlobal
